
Microsoft Visual Studio Solution File, Format Version 12.00
# Visual Studio Version 16
VisualStudioVersion = 16.0.30011.22
MinimumVisualStudioVersion = 10.0.40219.1
Project("{FAE04EC0-301F-11D3-BF4B-00C04F79EFBC}") = "iManage", "iManage\iManage.csproj", "{B2139D4F-8E1A-4311-9229-CFC640174469}"
EndProject
Global
	GlobalSection(SolutionConfigurationPlatforms) = preSolution
		Debug|Any CPU = Debug|Any CPU
		Release|Any CPU = Release|Any CPU
	EndGlobalSection
	GlobalSection(ProjectConfigurationPlatforms) = postSolution
		{B2139D4F-8E1A-4311-9229-CFC640174469}.Debug|Any CPU.ActiveCfg = Debug|Any CPU
		{B2139D4F-8E1A-4311-9229-CFC640174469}.Debug|Any CPU.Build.0 = Debug|Any CPU
		{B2139D4F-8E1A-4311-9229-CFC640174469}.Release|Any CPU.ActiveCfg = Release|Any CPU
		{B2139D4F-8E1A-4311-9229-CFC640174469}.Release|Any CPU.Build.0 = Release|Any CPU
	EndGlobalSection
	GlobalSection(SolutionProperties) = preSolution
		HideSolutionNode = FALSE
	EndGlobalSection
	GlobalSection(ExtensibilityGlobals) = postSolution
		SolutionGuid = {34780371-A261-4305-B733-88C5CE9F4279}
	EndGlobalSection
EndGlobal
